
Microsoft Visual Studio Solution File, Format Version 12.00
# Visual Studio 2012
Project("{FAE04EC0-301F-11D3-BF4B-00C04F79EFBC}") = "Ödev2c", "Ödev2c\Ödev2c.csproj", "{D2092A59-097B-4440-8248-C47BD4CAFB44}"
EndProject
Global
	GlobalSection(SolutionConfigurationPlatforms) = preSolution
		Debug|Any CPU = Debug|Any CPU
		Release|Any CPU = Release|Any CPU
	EndGlobalSection
	GlobalSection(ProjectConfigurationPlatforms) = postSolution
		{D2092A59-097B-4440-8248-C47BD4CAFB44}.Debug|Any CPU.ActiveCfg = Debug|Any CPU
		{D2092A59-097B-4440-8248-C47BD4CAFB44}.Debug|Any CPU.Build.0 = Debug|Any CPU
		{D2092A59-097B-4440-8248-C47BD4CAFB44}.Release|Any CPU.ActiveCfg = Release|Any CPU
		{D2092A59-097B-4440-8248-C47BD4CAFB44}.Release|Any CPU.Build.0 = Release|Any CPU
	EndGlobalSection
	GlobalSection(SolutionProperties) = preSolution
		HideSolutionNode = FALSE
	EndGlobalSection
EndGlobal
